// !$*UTF8*$!
{
	archiveVersion = 1;
	classes = {
	};
	objectVersion = 50;
	objects = {

/* Begin PBXBuildFile section */
		9E923B2420CC454200F48E90 /* AppDelegate.swift in Sources */ = {isa = PBXBuildFile; fileRef = 9E923B2320CC454200F48E90 /* AppDelegate.swift */; };
		9E923B2620CC454200F48E90 /* ViewController.swift in Sources */ = {isa = PBXBuildFile; fileRef = 9E923B2520CC454200F48E90 /* ViewController.swift */; };
		9E923B2920CC454200F48E90 /* Main.storyboard in Resources */ = {isa = PBXBuildFile; fileRef = 9E923B2720CC454200F48E90 /* Main.storyboard */; };
		9E923B2B20CC454300F48E90 /* Assets.xcassets in Resources */ = {isa = PBXBuildFile; fileRef = 9E923B2A20CC454300F48E90 /* Assets.xcassets */; };
		9E923B2E20CC454300F48E90 /* LaunchScreen.storyboard in Resources */ = {isa = PBXBuildFile; fileRef = 9E923B2C20CC454300F48E90 /* LaunchScreen.storyboard */; };
		9E923B3920CC454400F48E90 /* ilGiornaleTests.swift in Sources */ = {isa = PBXBuildFile; fileRef = 9E923B3820CC454400F48E90 /* ilGiornaleTests.swift */; };
		9E923B4420CC454400F48E90 /* ilGiornaleUITests.swift in Sources */ = {isa = PBXBuildFile; fileRef = 9E923B4320CC454400F48E90 /* ilGiornaleUITests.swift */; };
		9E923B5320CC49D200F48E90 /* News.swift in Sources */ = {isa = PBXBuildFile; fileRef = 9E923B5220CC49D200F48E90 /* News.swift */; };
		9E923B5520CC5EBB00F48E90 /* newsDescription.swift in Sources */ = {isa = PBXBuildFile; fileRef = 9E923B5420CC5EBB00F48E90 /* newsDescription.swift */; };
/* End PBXBuildFile section */

/* Begin PBXContainerItemProxy section */
		9E923B3520CC454400F48E90 /* PBXContainerItemProxy */ = {
			isa = PBXContainerItemProxy;
			containerPortal = 9E923B1820CC454200F48E90 /* Project object */;
			proxyType = 1;
			remoteGlobalIDString = 9E923B1F20CC454200F48E90;
			remoteInfo = ilGiornale;
		};
		9E923B4020CC454400F48E90 /* PBXContainerItemProxy */ = {
			isa = PBXContainerItemProxy;
			containerPortal = 9E923B1820CC454200F48E90 /* Project object */;
			proxyType = 1;
			remoteGlobalIDString = 9E923B1F20CC454200F48E90;
			remoteInfo = ilGiornale;
		};
/* End PBXContainerItemProxy section */

/* Begin PBXFileReference section */
		9E923B2020CC454200F48E90 /* ilGiornale.app */ = {isa = PBXFileReference; explicitFileType = wrapper.application; includeInIndex = 0; path = ilGiornale.app; sourceTree = BUILT_PRODUCTS_DIR; };
		9E923B2320CC454200F48E90 /* AppDelegate.swift */ = {isa = PBXFileReference; lastKnownFileType = sourcecode.swift; path = AppDelegate.swift; sourceTree = "<group>"; };
		9E923B2520CC454200F48E90 /* ViewController.swift */ = {isa = PBXFileReference; lastKnownFileType = sourcecode.swift; path = ViewController.swift; sourceTree = "<group>"; };
		9E923B2820CC454200F48E90 /* Base */ = {isa = PBXFileReference; lastKnownFileType = file.storyboard; name = Base; path = Base.lproj/Main.storyboard; sourceTree = "<group>"; };
		9E923B2A20CC454300F48E90 /* Assets.xcassets */ = {isa = PBXFileReference; lastKnownFileType = folder.assetcatalog; path = Assets.xcassets; sourceTree = "<group>"; };
		9E923B2D20CC454300F48E90 /* Base */ = {isa = PBXFileReference; lastKnownFileType = file.storyboard; name = Base; path = Base.lproj/LaunchScreen.storyboard; sourceTree = "<group>"; };
		9E923B2F20CC454400F48E90 /* Info.plist */ = {isa = PBXFileReference; lastKnownFileType = text.plist.xml; path = Info.plist; sourceTree = "<group>"; };
		9E923B3420CC454400F48E90 /* ilGiornaleTests.xctest */ = {isa = PBXFileReference; explicitFileType = wrapper.cfbundle; includeInIndex = 0; path = ilGiornaleTests.xctest; sourceTree = BUILT_PRODUCTS_DIR; };
		9E923B3820CC454400F48E90 /* ilGiornaleTests.swift */ = {isa = PBXFileReference; lastKnownFileType = sourcecode.swift; path = ilGiornaleTests.swift; sourceTree = "<group>"; };
		9E923B3A20CC454400F48E90 /* Info.plist */ = {isa = PBXFileReference; lastKnownFileType = text.plist.xml; path = Info.plist; sourceTree = "<group>"; };
		9E923B3F20CC454400F48E90 /* ilGiornaleUITests.xctest */ = {isa = PBXFileReference; explicitFileType = wrapper.cfbundle; includeInIndex = 0; path = ilGiornaleUITests.xctest; sourceTree = BUILT_PRODUCTS_DIR; };
		9E923B4320CC454400F48E90 /* ilGiornaleUITests.swift */ = {isa = PBXFileReference; lastKnownFileType = sourcecode.swift; path = ilGiornaleUITests.swift; sourceTree = "<group>"; };
		9E923B4520CC454400F48E90 /* Info.plist */ = {isa = PBXFileReference; lastKnownFileType = text.plist.xml; path = Info.plist; sourceTree = "<group>"; };
		9E923B5220CC49D200F48E90 /* News.swift */ = {isa = PBXFileReference; lastKnownFileType = sourcecode.swift; path = News.swift; sourceTree = "<group>"; };
		9E923B5420CC5EBB00F48E90 /* newsDescription.swift */ = {isa = PBXFileReference; lastKnownFileType = sourcecode.swift; path = newsDescription.swift; sourceTree = "<group>"; };
/* End PBXFileReference section */

/* Begin PBXFrameworksBuildPhase section */
		9E923B1D20CC454200F48E90 /* Frameworks */ = {
			isa = PBXFrameworksBuildPhase;
			buildActionMask = 2147483647;
			files = (
			);
			runOnlyForDeploymentPostprocessing = 0;
		};
		9E923B3120CC454400F48E90 /* Frameworks */ = {
			isa = PBXFrameworksBuildPhase;
			buildActionMask = 2147483647;
			files = (
			);
			runOnlyForDeploymentPostprocessing = 0;
		};
		9E923B3C20CC454400F48E90 /* Frameworks */ = {
			isa = PBXFrameworksBuildPhase;
			buildActionMask = 2147483647;
			files = (
			);
			runOnlyForDeploymentPostprocessing = 0;
		};
/* End PBXFrameworksBuildPhase section */

/* Begin PBXGroup section */
		9E923B1720CC454200F48E90 = {
			isa = PBXGroup;
			children = (
				9E923B2220CC454200F48E90 /* ilGiornale */,
				9E923B3720CC454400F48E90 /* ilGiornaleTests */,
				9E923B4220CC454400F48E90 /* ilGiornaleUITests */,
				9E923B2120CC454200F48E90 /* Products */,
			);
			sourceTree = "<group>";
		};
		9E923B2120CC454200F48E90 /* Products */ = {
			isa = PBXGroup;
			children = (
				9E923B2020CC454200F48E90 /* ilGiornale.app */,
				9E923B3420CC454400F48E90 /* ilGiornaleTests.xctest */,
				9E923B3F20CC454400F48E90 /* ilGiornaleUITests.xctest */,
			);
			name = Products;
			sourceTree = "<group>";
		};
		9E923B2220CC454200F48E90 /* ilGiornale */ = {
			isa = PBXGroup;
			children = (
				9E923B5120CC493900F48E90 /* Model */,
				9E923B2320CC454200F48E90 /* AppDelegate.swift */,
				9E923B2520CC454200F48E90 /* ViewController.swift */,
				9E923B2720CC454200F48E90 /* Main.storyboard */,
				9E923B2A20CC454300F48E90 /* Assets.xcassets */,
				9E923B2C20CC454300F48E90 /* LaunchScreen.storyboard */,
				9E923B2F20CC454400F48E90 /* Info.plist */,
				9E923B5420CC5EBB00F48E90 /* newsDescription.swift */,
			);
			path = ilGiornale;
			sourceTree = "<group>";
		};
		9E923B3720CC454400F48E90 /* ilGiornaleTests */ = {
			isa = PBXGroup;
			children = (
				9E923B3820CC454400F48E90 /* ilGiornaleTests.swift */,
				9E923B3A20CC454400F48E90 /* Info.plist */,
			);
			path = ilGiornaleTests;
			sourceTree = "<group>";
		};
		9E923B4220CC454400F48E90 /* ilGiornaleUITests */ = {
			isa = PBXGroup;
			children = (
				9E923B4320CC454400F48E90 /* ilGiornaleUITests.swift */,
				9E923B4520CC454400F48E90 /* Info.plist */,
			);
			path = ilGiornaleUITests;
			sourceTree = "<group>";
		};
		9E923B5120CC493900F48E90 /* Model */ = {
			isa = PBXGroup;
			children = (
				9E923B5220CC49D200F48E90 /* News.swift */,
			);
			path = Model;
			sourceTree = "<group>";
		};
/* End PBXGroup section */

/* Begin PBXNativeTarget section */
		9E923B1F20CC454200F48E90 /* ilGiornale */ = {
			isa = PBXNativeTarget;
			buildConfigurationList = 9E923B4820CC454400F48E90 /* Build configuration list for PBXNativeTarget "ilGiornale" */;
			buildPhases = (
				9E923B1C20CC454200F48E90 /* Sources */,
				9E923B1D20CC454200F48E90 /* Frameworks */,
				9E923B1E20CC454200F48E90 /* Resources */,
			);
			buildRules = (
			);
			dependencies = (
			);
			name = ilGiornale;
			productName = ilGiornale;
			productReference = 9E923B2020CC454200F48E90 /* ilGiornale.app */;
			productType = "com.apple.product-type.application";
		};
		9E923B3320CC454400F48E90 /* ilGiornaleTests */ = {
			isa = PBXNativeTarget;
			buildConfigurationList = 9E923B4B20CC454400F48E90 /* Build configuration list for PBXNativeTarget "ilGiornaleTests" */;
			buildPhases = (
				9E923B3020CC454400F48E90 /* Sources */,
				9E923B3120CC454400F48E90 /* Frameworks */,
				9E923B3220CC454400F48E90 /* Resources */,
			);
			buildRules = (
			);
			dependencies = (
				9E923B3620CC454400F48E90 /* PBXTargetDependency */,
			);
			name = ilGiornaleTests;
			productName = ilGiornaleTests;
			productReference = 9E923B3420CC454400F48E90 /* ilGiornaleTests.xctest */;
			productType = "com.apple.product-type.bundle.unit-test";
		};
		9E923B3E20CC454400F48E90 /* ilGiornaleUITests */ = {
			isa = PBXNativeTarget;
			buildConfigurationList = 9E923B4E20CC454400F48E90 /* Build configuration list for PBXNativeTarget "ilGiornaleUITests" */;
			buildPhases = (
				9E923B3B20CC454400F48E90 /* Sources */,
				9E923B3C20CC454400F48E90 /* Frameworks */,
				9E923B3D20CC454400F48E90 /* Resources */,
			);
			buildRules = (
			);
			dependencies = (
				9E923B4120CC454400F48E90 /* PBXTargetDependency */,
			);
			name = ilGiornaleUITests;
			productName = ilGiornaleUITests;
			productReference = 9E923B3F20CC454400F48E90 /* ilGiornaleUITests.xctest */;
			productType = "com.apple.product-type.bundle.ui-testing";
		};
/* End PBXNativeTarget section */

/* Begin PBXProject section */
		9E923B1820CC454200F48E90 /* Project object */ = {
			isa = PBXProject;
			attributes = {
				LastSwiftUpdateCheck = 0940;
				LastUpgradeCheck = 0940;
				ORGANIZATIONNAME = YSN;
				TargetAttributes = {
					9E923B1F20CC454200F48E90 = {
						CreatedOnToolsVersion = 9.4;
					};
					9E923B3320CC454400F48E90 = {
						CreatedOnToolsVersion = 9.4;
						TestTargetID = 9E923B1F20CC454200F48E90;
					};
					9E923B3E20CC454400F48E90 = {
						CreatedOnToolsVersion = 9.4;
						TestTargetID = 9E923B1F20CC454200F48E90;
					};
				};
			};
			buildConfigurationList = 9E923B1B20CC454200F48E90 /* Build configuration list for PBXProject "ilGiornale" */;
			compatibilityVersion = "Xcode 9.3";
			developmentRegion = en;
			hasScannedForEncodings = 0;
			knownRegions = (
				en,
				Base,
			);
			mainGroup = 9E923B1720CC454200F48E90;
			productRefGroup = 9E923B2120CC454200F48E90 /* Products */;
			projectDirPath = "";
			projectRoot = "";
			targets = (
				9E923B1F20CC454200F48E90 /* ilGiornale */,
				9E923B3320CC454400F48E90 /* ilGiornaleTests */,
				9E923B3E20CC454400F48E90 /* ilGiornaleUITests */,
			);
		};
/* End PBXProject section */

/* Begin PBXResourcesBuildPhase section */
		9E923B1E20CC454200F48E90 /* Resources */ = {
			isa = PBXResourcesBuildPhase;
			buildActionMask = 2147483647;
			files = (
				9E923B2E20CC454300F48E90 /* LaunchScreen.storyboard in Resources */,
				9E923B2B20CC454300F48E90 /* Assets.xcassets in Resources */,
				9E923B2920CC454200F48E90 /* Main.storyboard in Resources */,
			);
			runOnlyForDeploymentPostprocessing = 0;
		};
		9E923B3220CC454400F48E90 /* Resources */ = {
			isa = PBXResourcesBuildPhase;
			buildActionMask = 2147483647;
			files = (
			);
			runOnlyForDeploymentPostprocessing = 0;
		};
		9E923B3D20CC454400F48E90 /* Resources */ = {
			isa = PBXResourcesBuildPhase;
			buildActionMask = 2147483647;
			files = (
			);
			runOnlyForDeploymentPostprocessing = 0;
		};
/* End PBXResourcesBuildPhase section */

/* Begin PBXSourcesBuildPhase section */
		9E923B1C20CC454200F48E90 /* Sources */ = {
			isa = PBXSourcesBuildPhase;
			buildActionMask = 2147483647;
			files = (
				9E923B2620CC454200F48E90 /* ViewController.swift in Sources */,
				9E923B5520CC5EBB00F48E90 /* newsDescription.swift in Sources */,
				9E923B2420CC454200F48E90 /* AppDelegate.swift in Sources */,
				9E923B5320CC49D200F48E90 /* News.swift in Sources */,
			);
			runOnlyForDeploymentPostprocessing = 0;
		};
		9E923B3020CC454400F48E90 /* Sources */ = {
			isa = PBXSourcesBuildPhase;
			buildActionMask = 2147483647;
			files = (
				9E923B3920CC454400F48E90 /* ilGiornaleTests.swift in Sources */,
			);
			runOnlyForDeploymentPostprocessing = 0;
		};
		9E923B3B20CC454400F48E90 /* Sources */ = {
			isa = PBXSourcesBuildPhase;
			buildActionMask = 2147483647;
			files = (
				9E923B4420CC454400F48E90 /* ilGiornaleUITests.swift in Sources */,
			);
			runOnlyForDeploymentPostprocessing = 0;
		};
/* End PBXSourcesBuildPhase section */

/* Begin PBXTargetDependency section */
		9E923B3620CC454400F48E90 /* PBXTargetDependency */ = {
			isa = PBXTargetDependency;
			target = 9E923B1F20CC454200F48E90 /* ilGiornale */;
			targetProxy = 9E923B3520CC454400F48E90 /* PBXContainerItemProxy */;
		};
		9E923B4120CC454400F48E90 /* PBXTargetDependency */ = {
			isa = PBXTargetDependency;
			target = 9E923B1F20CC454200F48E90 /* ilGiornale */;
			targetProxy = 9E923B4020CC454400F48E90 /* PBXContainerItemProxy */;
		};
/* End PBXTargetDependency section */

/* Begin PBXVariantGroup section */
		9E923B2720CC454200F48E90 /* Main.storyboard */ = {
			isa = PBXVariantGroup;
			children = (
				9E923B2820CC454200F48E90 /* Base */,
			);
			name = Main.storyboard;
			sourceTree = "<group>";
		};
		9E923B2C20CC454300F48E90 /* LaunchScreen.storyboard */ = {
			isa = PBXVariantGroup;
			children = (
				9E923B2D20CC454300F48E90 /* Base */,
			);
			name = LaunchScreen.storyboard;
			sourceTree = "<group>";
		};
/* End PBXVariantGroup section */

/* Begin XCBuildConfiguration section */
		9E923B4620CC454400F48E90 /* Debug */ = {
			isa = XCBuildConfiguration;
			buildSettings = {
				ALWAYS_SEARCH_USER_PATHS = NO;
				CLANG_ANALYZER_NONNULL = YES;
				CLANG_ANALYZER_NUMBER_OBJECT_CONVERSION = YES_AGGRESSIVE;
				CLANG_CXX_LANGUAGE_STANDARD = "gnu++14";
				CLANG_CXX_LIBRARY = "libc++";
				CLANG_ENABLE_MODULES = YES;
				CLANG_ENABLE_OBJC_ARC = YES;
				CLANG_ENABLE_OBJC_WEAK = YES;
				CLANG_WARN_BLOCK_CAPTURE_AUTORELEASING = YES;
				CLANG_WARN_BOOL_CONVERSION = YES;
				CLANG_WARN_COMMA = YES;
				CLANG_WARN_CONSTANT_CONVERSION = YES;
				CLANG_WARN_DEPRECATED_OBJC_IMPLEMENTATIONS = YES;
				CLANG_WARN_DIRECT_OBJC_ISA_USAGE = YES_ERROR;
				CLANG_WARN_DOCUMENTATION_COMMENTS = YES;
				CLANG_WARN_EMPTY_BODY = YES;
				CLANG_WARN_ENUM_CONVERSION = YES;
				CLANG_WARN_INFINITE_RECURSION = YES;
				CLANG_WARN_INT_CONVERSION = YES;
				CLANG_WARN_NON_LITERAL_NULL_CONVERSION = YES;
				CLANG_WARN_OBJC_IMPLICIT_RETAIN_SELF = YES;
				CLANG_WARN_OBJC_LITERAL_CONVERSION = YES;
				CLANG_WARN_OBJC_ROOT_CLASS = YES_ERROR;
				CLANG_WARN_RANGE_LOOP_ANALYSIS = YES;
				CLANG_WARN_STRICT_PROTOTYPES = YES;
				CLANG_WARN_SUSPICIOUS_MOVE = YES;
				CLANG_WARN_UNGUARDED_AVAILABILITY = YES_AGGRESSIVE;
				CLANG_WARN_UNREACHABLE_CODE = YES;
				CLANG_WARN__DUPLICATE_METHOD_MATCH = YES;
				CODE_SIGN_IDENTITY = "iPhone Developer";
				COPY_PHASE_STRIP = NO;
				DEBUG_INFORMATION_FORMAT = dwarf;
				ENABLE_STRICT_OBJC_MSGSEND = YES;
				ENABLE_TESTABILITY = YES;
				GCC_C_LANGUAGE_STANDARD = gnu11;
				GCC_DYNAMIC_NO_PIC = NO;
				GCC_NO_COMMON_BLOCKS = YES;
				GCC_OPTIMIZATION_LEVEL = 0;
				GCC_PREPROCESSOR_DEFINITIONS = (
					"DEBUG=1",
					"$(inherited)",
				);
				GCC_WARN_64_TO_32_BIT_CONVERSION = YES;
				GCC_WARN_ABOUT_RETURN_TYPE = YES_ERROR;
				GCC_WARN_UNDECLARED_SELECTOR = YES;
				GCC_WARN_UNINITIALIZED_AUTOS = YES_AGGRESSIVE;
				GCC_WARN_UNUSED_FUNCTION = YES;
				GCC_WARN_UNUSED_VARIABLE = YES;
				IPHONEOS_DEPLOYMENT_TARGET = 11.4;
				MTL_ENABLE_DEBUG_INFO = YES;
				ONLY_ACTIVE_ARCH = YES;
				SDKROOT = iphoneos;
				SWIFT_ACTIVE_COMPILATION_CONDITIONS = DEBUG;
				SWIFT_OPTIMIZATION_LEVEL = "-Onone";
			};
			name = Debug;
		};
		9E923B4720CC454400F48E90 /* Release */ = {
			isa = XCBuildConfiguration;
			buildSettings = {
				ALWAYS_SEARCH_USER_PATHS = NO;
				CLANG_ANALYZER_NONNULL = YES;
				CLANG_ANALYZER_NUMBER_OBJECT_CONVERSION = YES_AGGRESSIVE;
				CLANG_CXX_LANGUAGE_STANDARD = "gnu++14";
				CLANG_CXX_LIBRARY = "libc++";
				CLANG_ENABLE_MODULES = YES;
				CLANG_ENABLE_OBJC_ARC = YES;
				CLANG_ENABLE_OBJC_WEAK = YES;
				CLANG_WARN_BLOCK_CAPTURE_AUTORELEASING = YES;
				CLANG_WARN_BOOL_CONVERSION = YES;
				CLANG_WARN_COMMA = YES;
				CLANG_WARN_CONSTANT_CONVERSION = YES;
				CLANG_WARN_DEPRECATED_OBJC_IMPLEMENTATIONS = YES;
				CLANG_WARN_DIRECT_OBJC_ISA_USAGE = YES_ERROR;
				CLANG_WARN_DOCUMENTATION_COMMENTS = YES;
				CLANG_WARN_EMPTY_BODY = YES;
				CLANG_WARN_ENUM_CONVERSION = YES;
				CLANG_WARN_INFINITE_RECURSION = YES;
				CLANG_WARN_INT_CONVERSION = YES;
				CLANG_WARN_NON_LITERAL_NULL_CONVERSION = YES;
				CLANG_WARN_OBJC_IMPLICIT_RETAIN_SELF = YES;
				CLANG_WARN_OBJC_LITERAL_CONVERSION = YES;
				CLANG_WARN_OBJC_ROOT_CLASS = YES_ERROR;
				CLANG_WARN_RANGE_LOOP_ANALYSIS = YES;
				CLANG_WARN_STRICT_PROTOTYPES = YES;
				CLANG_WARN_SUSPICIOUS_MOVE = YES;
				CLANG_WARN_UNGUARDED_AVAILABILITY = YES_AGGRESSIVE;
				CLANG_WARN_UNREACHABLE_CODE = YES;
				CLANG_WARN__DUPLICATE_METHOD_MATCH = YES;
				CODE_SIGN_IDENTITY = "iPhone Developer";
				COPY_PHASE_STRIP = NO;
				DEBUG_INFORMATION_FORMAT = "dwarf-with-dsym";
				ENABLE_NS_ASSERTIONS = NO;
				ENABLE_STRICT_OBJC_MSGSEND = YES;
				GCC_C_LANGUAGE_STANDARD = gnu11;
				GCC_NO_COMMON_BLOCKS = YES;
				GCC_WARN_64_TO_32_BIT_CONVERSION = YES;
				GCC_WARN_ABOUT_RETURN_TYPE = YES_ERROR;
				GCC_WARN_UNDECLARED_SELECTOR = YES;
				GCC_WARN_UNINITIALIZED_AUTOS = YES_AGGRESSIVE;
				GCC_WARN_UNUSED_FUNCTION = YES;
				GCC_WARN_UNUSED_VARIABLE = YES;
				IPHONEOS_DEPLOYMENT_TARGET = 11.4;
				MTL_ENABLE_DEBUG_INFO = NO;
				SDKROOT = iphoneos;
				SWIFT_COMPILATION_MODE = wholemodule;
				SWIFT_OPTIMIZATION_LEVEL = "-O";
				VALIDATE_PRODUCT = YES;
			};
			name = Release;
		};
		9E923B4920CC454400F48E90 /* Debug */ = {
			isa = XCBuildConfiguration;
			buildSettings = {
				ASSETCATALOG_COMPILER_APPICON_NAME = AppIcon;
				CODE_SIGN_STYLE = Automatic;
				DEVELOPMENT_TEAM = 6PZMCG8X3J;
				INFOPLIST_FILE = ilGiornale/Info.plist;
				LD_RUNPATH_SEARCH_PATHS = (
					"$(inherited)",
					"@executable_path/Frameworks",
				);
				PRODUCT_BUNDLE_IDENTIFIER = YSN.ilGiornale;
				PRODUCT_NAME = "$(TARGET_NAME)";
				SWIFT_VERSION = 4.0;
				TARGETED_DEVICE_FAMILY = "1,2";
			};
			name = Debug;
		};
		9E923B4A20CC454400F48E90 /* Release */ = {
			isa = XCBuildConfiguration;
			buildSettings = {
				ASSETCATALOG_COMPILER_APPICON_NAME = AppIcon;
				CODE_SIGN_STYLE = Automatic;
				DEVELOPMENT_TEAM = 6PZMCG8X3J;
				INFOPLIST_FILE = ilGiornale/Info.plist;
				LD_RUNPATH_SEARCH_PATHS = (
					"$(inherited)",
					"@executable_path/Frameworks",
				);
				PRODUCT_BUNDLE_IDENTIFIER = YSN.ilGiornale;
				PRODUCT_NAME = "$(TARGET_NAME)";
				SWIFT_VERSION = 4.0;
				TARGETED_DEVICE_FAMILY = "1,2";
			};
			name = Release;
		};
		9E923B4C20CC454400F48E90 /* Debug */ = {
			isa = XCBuildConfiguration;
			buildSettings = {
				ALWAYS_EMBED_SWIFT_STANDARD_LIBRARIES = YES;
				BUNDLE_LOADER = "$(TEST_HOST)";
				CODE_SIGN_STYLE = Automatic;
				DEVELOPMENT_TEAM = 6PZMCG8X3J;
				INFOPLIST_FILE = ilGiornaleTests/Info.plist;
				LD_RUNPATH_SEARCH_PATHS = (
					"$(inherited)",
					"@executable_path/Frameworks",
					"@loader_path/Frameworks",
				);
				PRODUCT_BUNDLE_IDENTIFIER = YSN.ilGiornaleTests;
				PRODUCT_NAME = "$(TARGET_NAME)";
				SWIFT_VERSION = 4.0;
				TARGETED_DEVICE_FAMILY = "1,2";
				TEST_HOST = "$(BUILT_PRODUCTS_DIR)/ilGiornale.app/ilGiornale";
			};
			name = Debug;
		};
		9E923B4D20CC454400F48E90 /* Release */ = {
			isa = XCBuildConfiguration;
			buildSettings = {
				ALWAYS_EMBED_SWIFT_STANDARD_LIBRARIES = YES;
				BUNDLE_LOADER = "$(TEST_HOST)";
				CODE_SIGN_STYLE = Automatic;
				DEVELOPMENT_TEAM = 6PZMCG8X3J;
				INFOPLIST_FILE = ilGiornaleTests/Info.plist;
				LD_RUNPATH_SEARCH_PATHS = (
					"$(inherited)",
					"@executable_path/Frameworks",
					"@loader_path/Frameworks",
				);
				PRODUCT_BUNDLE_IDENTIFIER = YSN.ilGiornaleTests;
				PRODUCT_NAME = "$(TARGET_NAME)";
				SWIFT_VERSION = 4.0;
				TARGETED_DEVICE_FAMILY = "1,2";
				TEST_HOST = "$(BUILT_PRODUCTS_DIR)/ilGiornale.app/ilGiornale";
			};
			name = Release;
		};
		9E923B4F20CC454400F48E90 /* Debug */ = {
			isa = XCBuildConfiguration;
			buildSettings = {
				ALWAYS_EMBED_SWIFT_STANDARD_LIBRARIES = YES;
				CODE_SIGN_STYLE = Automatic;
				DEVELOPMENT_TEAM = 6PZMCG8X3J;
				INFOPLIST_FILE = ilGiornaleUITests/Info.plist;
				LD_RUNPATH_SEARCH_PATHS = (
					"$(inherited)",
					"@executable_path/Frameworks",
					"@loader_path/Frameworks",
				);
				PRODUCT_BUNDLE_IDENTIFIER = YSN.ilGiornaleUITests;
				PRODUCT_NAME = "$(TARGET_NAME)";
				SWIFT_VERSION = 4.0;
				TARGETED_DEVICE_FAMILY = "1,2";
				TEST_TARGET_NAME = ilGiornale;
			};
			name = Debug;
		};
		9E923B5020CC454400F48E90 /* Release */ = {
			isa = XCBuildConfiguration;
			buildSettings = {
				ALWAYS_EMBED_SWIFT_STANDARD_LIBRARIES = YES;
				CODE_SIGN_STYLE = Automatic;
				DEVELOPMENT_TEAM = 6PZMCG8X3J;
				INFOPLIST_FILE = ilGiornaleUITests/Info.plist;
				LD_RUNPATH_SEARCH_PATHS = (
					"$(inherited)",
					"@executable_path/Frameworks",
					"@loader_path/Frameworks",
				);
				PRODUCT_BUNDLE_IDENTIFIER = YSN.ilGiornaleUITests;
				PRODUCT_NAME = "$(TARGET_NAME)";
				SWIFT_VERSION = 4.0;
				TARGETED_DEVICE_FAMILY = "1,2";
				TEST_TARGET_NAME = ilGiornale;
			};
			name = Release;
		};
/* End XCBuildConfiguration section */

/* Begin XCConfigurationList section */
		9E923B1B20CC454200F48E90 /* Build configuration list for PBXProject "ilGiornale" */ = {
			isa = XCConfigurationList;
			buildConfigurations = (
				9E923B4620CC454400F48E90 /* Debug */,
				9E923B4720CC454400F48E90 /* Release */,
			);
			defaultConfigurationIsVisible = 0;
			defaultConfigurationName = Release;
		};
		9E923B4820CC454400F48E90 /* Build configuration list for PBXNativeTarget "ilGiornale" */ = {
			isa = XCConfigurationList;
			buildConfigurations = (
				9E923B4920CC454400F48E90 /* Debug */,
				9E923B4A20CC454400F48E90 /* Release */,
			);
			defaultConfigurationIsVisible = 0;
			defaultConfigurationName = Release;
		};
		9E923B4B20CC454400F48E90 /* Build configuration list for PBXNativeTarget "ilGiornaleTests" */ = {
			isa = XCConfigurationList;
			buildConfigurations = (
				9E923B4C20CC454400F48E90 /* Debug */,
				9E923B4D20CC454400F48E90 /* Release */,
			);
			defaultConfigurationIsVisible = 0;
			defaultConfigurationName = Release;
		};
		9E923B4E20CC454400F48E90 /* Build configuration list for PBXNativeTarget "ilGiornaleUITests" */ = {
			isa = XCConfigurationList;
			buildConfigurations = (
				9E923B4F20CC454400F48E90 /* Debug */,
				9E923B5020CC454400F48E90 /* Release */,
			);
			defaultConfigurationIsVisible = 0;
			defaultConfigurationName = Release;
		};
/* End XCConfigurationList section */
	};
	rootObject = 9E923B1820CC454200F48E90 /* Project object */;
}
